
Microsoft Visual Studio Solution File, Format Version 12.00
# Visual Studio Version 17
VisualStudioVersion = 17.14.36212.18
MinimumVisualStudioVersion = 10.0.40219.1
Project("{8BC9CEB8-8B4A-11D0-8D11-00A0C91BC942}") = "IntroductionToOOP", "IntroductionToOOP\IntroductionToOOP.vcxproj", "{A237E7BE-57D7-452B-858C-86EDBDBDDDA7}"
EndProject
Project("{8BC9CEB8-8B4A-11D0-8D11-00A0C91BC942}") = "Fraction", "Fraction\Fraction.vcxproj", "{DC8F08DB-D6D6-47E7-BA32-5883F9FBEF0B}"
EndProject
Project("{8BC9CEB8-8B4A-11D0-8D11-00A0C91BC942}") = "String", "String\String.vcxproj", "{AF65C4DA-2A69-4A69-9BD8-014C5D59D89D}"
EndProject
Project("{8BC9CEB8-8B4A-11D0-8D11-00A0C91BC942}") = "Matrix", "Matrix\Matrix.vcxproj", "{2918C89F-8390-4579-A65F-3C9AC3B5C7F9}"
EndProject
Project("{8BC9CEB8-8B4A-11D0-8D11-00A0C91BC942}") = "FractionLIBcheck", "FractionLIBcheck\FractionLIBcheck.vcxproj", "{B2DE3AA1-F053-49AE-B718-E1A27D6B6797}"
EndProject
Global
	GlobalSection(SolutionConfigurationPlatforms) = preSolution
		Debug|x64 = Debug|x64
		Debug|x86 = Debug|x86
		Release|x64 = Release|x64
		Release|x86 = Release|x86
	EndGlobalSection
	GlobalSection(ProjectConfigurationPlatforms) = postSolution
		{A237E7BE-57D7-452B-858C-86EDBDBDDDA7}.Debug|x64.ActiveCfg = Debug|x64
		{A237E7BE-57D7-452B-858C-86EDBDBDDDA7}.Debug|x64.Build.0 = Debug|x64
		{A237E7BE-57D7-452B-858C-86EDBDBDDDA7}.Debug|x86.ActiveCfg = Debug|Win32
		{A237E7BE-57D7-452B-858C-86EDBDBDDDA7}.Debug|x86.Build.0 = Debug|Win32
		{A237E7BE-57D7-452B-858C-86EDBDBDDDA7}.Release|x64.ActiveCfg = Release|x64
		{A237E7BE-57D7-452B-858C-86EDBDBDDDA7}.Release|x64.Build.0 = Release|x64
		{A237E7BE-57D7-452B-858C-86EDBDBDDDA7}.Release|x86.ActiveCfg = Release|Win32
		{A237E7BE-57D7-452B-858C-86EDBDBDDDA7}.Release|x86.Build.0 = Release|Win32
		{DC8F08DB-D6D6-47E7-BA32-5883F9FBEF0B}.Debug|x64.ActiveCfg = Debug|x64
		{DC8F08DB-D6D6-47E7-BA32-5883F9FBEF0B}.Debug|x64.Build.0 = Debug|x64
		{DC8F08DB-D6D6-47E7-BA32-5883F9FBEF0B}.Debug|x86.ActiveCfg = Debug|Win32
		{DC8F08DB-D6D6-47E7-BA32-5883F9FBEF0B}.Debug|x86.Build.0 = Debug|Win32
		{DC8F08DB-D6D6-47E7-BA32-5883F9FBEF0B}.Release|x64.ActiveCfg = Release|x64
		{DC8F08DB-D6D6-47E7-BA32-5883F9FBEF0B}.Release|x64.Build.0 = Release|x64
		{DC8F08DB-D6D6-47E7-BA32-5883F9FBEF0B}.Release|x86.ActiveCfg = Release|Win32
		{DC8F08DB-D6D6-47E7-BA32-5883F9FBEF0B}.Release|x86.Build.0 = Release|Win32
		{AF65C4DA-2A69-4A69-9BD8-014C5D59D89D}.Debug|x64.ActiveCfg = Debug|x64
		{AF65C4DA-2A69-4A69-9BD8-014C5D59D89D}.Debug|x64.Build.0 = Debug|x64
		{AF65C4DA-2A69-4A69-9BD8-014C5D59D89D}.Debug|x86.ActiveCfg = Debug|Win32
		{AF65C4DA-2A69-4A69-9BD8-014C5D59D89D}.Debug|x86.Build.0 = Debug|Win32
		{AF65C4DA-2A69-4A69-9BD8-014C5D59D89D}.Release|x64.ActiveCfg = Release|x64
		{AF65C4DA-2A69-4A69-9BD8-014C5D59D89D}.Release|x64.Build.0 = Release|x64
		{AF65C4DA-2A69-4A69-9BD8-014C5D59D89D}.Release|x86.ActiveCfg = Release|Win32
		{AF65C4DA-2A69-4A69-9BD8-014C5D59D89D}.Release|x86.Build.0 = Release|Win32
		{2918C89F-8390-4579-A65F-3C9AC3B5C7F9}.Debug|x64.ActiveCfg = Debug|x64
		{2918C89F-8390-4579-A65F-3C9AC3B5C7F9}.Debug|x64.Build.0 = Debug|x64
		{2918C89F-8390-4579-A65F-3C9AC3B5C7F9}.Debug|x86.ActiveCfg = Debug|Win32
		{2918C89F-8390-4579-A65F-3C9AC3B5C7F9}.Debug|x86.Build.0 = Debug|Win32
		{2918C89F-8390-4579-A65F-3C9AC3B5C7F9}.Release|x64.ActiveCfg = Release|x64
		{2918C89F-8390-4579-A65F-3C9AC3B5C7F9}.Release|x64.Build.0 = Release|x64
		{2918C89F-8390-4579-A65F-3C9AC3B5C7F9}.Release|x86.ActiveCfg = Release|Win32
		{2918C89F-8390-4579-A65F-3C9AC3B5C7F9}.Release|x86.Build.0 = Release|Win32
		{B2DE3AA1-F053-49AE-B718-E1A27D6B6797}.Debug|x64.ActiveCfg = Debug|x64
		{B2DE3AA1-F053-49AE-B718-E1A27D6B6797}.Debug|x64.Build.0 = Debug|x64
		{B2DE3AA1-F053-49AE-B718-E1A27D6B6797}.Debug|x86.ActiveCfg = Debug|Win32
		{B2DE3AA1-F053-49AE-B718-E1A27D6B6797}.Debug|x86.Build.0 = Debug|Win32
		{B2DE3AA1-F053-49AE-B718-E1A27D6B6797}.Release|x64.ActiveCfg = Release|x64
		{B2DE3AA1-F053-49AE-B718-E1A27D6B6797}.Release|x64.Build.0 = Release|x64
		{B2DE3AA1-F053-49AE-B718-E1A27D6B6797}.Release|x86.ActiveCfg = Release|Win32
		{B2DE3AA1-F053-49AE-B718-E1A27D6B6797}.Release|x86.Build.0 = Release|Win32
	EndGlobalSection
	GlobalSection(SolutionProperties) = preSolution
		HideSolutionNode = FALSE
	EndGlobalSection
	GlobalSection(ExtensibilityGlobals) = postSolution
		SolutionGuid = {B24C80E6-F072-4929-B238-311177EFFCFF}
	EndGlobalSection
EndGlobal
